# This file was autogenerated by Stack.
# You should not edit this file by hand.
# For more information, please see the documentation at:
#   https://docs.haskellstack.org/en/stable/lock_files

packages:
- completed:
    hackage: hexstring-0.11.1@sha256:95b680b5cf68c6ec098eef383343520ca8c8c4b5319592f6b93f7b2ee2bb0186,1833
    pantry-tree:
      size: 433
      sha256: 4c6c92c5511115afbead6b5a9469fa967c747894964436fec286e570c14018ea
  original:
    hackage: hexstring-0.11.1
snapshots:
- completed:
    size: 587126
    url: https://raw.githubusercontent.com/commercialhaskell/stackage-snapshots/master/lts/18/8.yaml
    sha256: 93a107557e8691ed5ca17beaee41e68222b142c48868fc8c04a4181fb233477d
  original:
    url: https://raw.githubusercontent.com/commercialhaskell/stackage-snapshots/master/lts/18/8.yaml
